
Microsoft Visual Studio Solution File, Format Version 12.00
# Visual Studio Version 17
VisualStudioVersion = 17.1.32228.430
MinimumVisualStudioVersion = 10.0.40219.1
Project("{9A19103F-16F7-4668-BE54-9A1E7A4F7556}") = "Geta.Optimizely.GenericLinks", "src\Geta.Optimizely.GenericLinks\Geta.Optimizely.GenericLinks.csproj", "{A9E2D204-4215-4A2F-AE82-398ABDCF0149}"
EndProject
Project("{2150E333-8FDC-42A3-9474-1A3956D46DE8}") = "Tests", "Tests", "{017A6F0A-A55A-4533-AF01-8E69A615F49C}"
EndProject
Project("{9A19103F-16F7-4668-BE54-9A1E7A4F7556}") = "Geta.Optimizely.GenericLinks.Tests", "tests\Geta.Optimizely.GenericLinks.Tests\Geta.Optimizely.GenericLinks.Tests.csproj", "{92079DBE-DA35-45F0-879A-4CCE7DAA05C5}"
EndProject
Project("{2150E333-8FDC-42A3-9474-1A3956D46DE8}") = "Solution Items", "Solution Items", "{02B21D23-57E9-420E-BFDA-24DBB1E23366}"
	ProjectSection(SolutionItems) = preProject
		CHANGELOG.md = CHANGELOG.md
		src\pack.proj = src\pack.proj
		pack.ps1 = pack.ps1
		README.md = README.md
	EndProjectSection
EndProject
Project("{2150E333-8FDC-42A3-9474-1A3956D46DE8}") = "Sandbox", "Sandbox", "{6A1996C8-B9B8-4DE9-A2AE-40C10FF1FAE7}"
EndProject
Project("{9A19103F-16F7-4668-BE54-9A1E7A4F7556}") = "AlloyMvcTemplates", "sandbox\Alloy\AlloyMvcTemplates.csproj", "{DB5EA34C-7A62-42B0-9EE0-AA3B52E0AC94}"
EndProject
Global
	GlobalSection(SolutionConfigurationPlatforms) = preSolution
		Debug|Any CPU = Debug|Any CPU
		Release|Any CPU = Release|Any CPU
	EndGlobalSection
	GlobalSection(ProjectConfigurationPlatforms) = postSolution
		{A9E2D204-4215-4A2F-AE82-398ABDCF0149}.Debug|Any CPU.ActiveCfg = Debug|Any CPU
		{A9E2D204-4215-4A2F-AE82-398ABDCF0149}.Debug|Any CPU.Build.0 = Debug|Any CPU
		{A9E2D204-4215-4A2F-AE82-398ABDCF0149}.Release|Any CPU.ActiveCfg = Release|Any CPU
		{A9E2D204-4215-4A2F-AE82-398ABDCF0149}.Release|Any CPU.Build.0 = Release|Any CPU
		{92079DBE-DA35-45F0-879A-4CCE7DAA05C5}.Debug|Any CPU.ActiveCfg = Debug|Any CPU
		{92079DBE-DA35-45F0-879A-4CCE7DAA05C5}.Debug|Any CPU.Build.0 = Debug|Any CPU
		{92079DBE-DA35-45F0-879A-4CCE7DAA05C5}.Release|Any CPU.ActiveCfg = Release|Any CPU
		{92079DBE-DA35-45F0-879A-4CCE7DAA05C5}.Release|Any CPU.Build.0 = Release|Any CPU
		{DB5EA34C-7A62-42B0-9EE0-AA3B52E0AC94}.Debug|Any CPU.ActiveCfg = Debug|Any CPU
		{DB5EA34C-7A62-42B0-9EE0-AA3B52E0AC94}.Debug|Any CPU.Build.0 = Debug|Any CPU
		{DB5EA34C-7A62-42B0-9EE0-AA3B52E0AC94}.Release|Any CPU.ActiveCfg = Release|Any CPU
		{DB5EA34C-7A62-42B0-9EE0-AA3B52E0AC94}.Release|Any CPU.Build.0 = Release|Any CPU
	EndGlobalSection
	GlobalSection(SolutionProperties) = preSolution
		HideSolutionNode = FALSE
	EndGlobalSection
	GlobalSection(NestedProjects) = preSolution
		{92079DBE-DA35-45F0-879A-4CCE7DAA05C5} = {017A6F0A-A55A-4533-AF01-8E69A615F49C}
		{DB5EA34C-7A62-42B0-9EE0-AA3B52E0AC94} = {6A1996C8-B9B8-4DE9-A2AE-40C10FF1FAE7}
	EndGlobalSection
	GlobalSection(ExtensibilityGlobals) = postSolution
		SolutionGuid = {BC18AFB9-C474-4D96-BFD1-6BBC19C0761C}
	EndGlobalSection
EndGlobal
